
Microsoft Visual Studio Solution File, Format Version 12.00
# Visual Studio Version 16
VisualStudioVersion = 16.0.28705.295
MinimumVisualStudioVersion = 10.0.40219.1
Project("{9A19103F-16F7-4668-BE54-9A1E7A4F7556}") = "WebPageScreensaver", "WebPageScreensaver.csproj", "{3E640398-E4D5-4AC8-A200-7AD96E7CC77F}"
EndProject
Global
	GlobalSection(SolutionConfigurationPlatforms) = preSolution
		Debug|Any CPU = Debug|Any CPU
		Release|Any CPU = Release|Any CPU
	EndGlobalSection
	GlobalSection(ProjectConfigurationPlatforms) = postSolution
		{3E640398-E4D5-4AC8-A200-7AD96E7CC77F}.Debug|Any CPU.ActiveCfg = Debug|Any CPU
		{3E640398-E4D5-4AC8-A200-7AD96E7CC77F}.Debug|Any CPU.Build.0 = Debug|Any CPU
		{3E640398-E4D5-4AC8-A200-7AD96E7CC77F}.Release|Any CPU.ActiveCfg = Release|Any CPU
		{3E640398-E4D5-4AC8-A200-7AD96E7CC77F}.Release|Any CPU.Build.0 = Release|Any CPU
	EndGlobalSection
	GlobalSection(SolutionProperties) = preSolution
		HideSolutionNode = FALSE
	EndGlobalSection
	GlobalSection(ExtensibilityGlobals) = postSolution
		SolutionGuid = {A5437866-76AE-4B0D-AE55-81697D5D1414}
	EndGlobalSection
EndGlobal
